
Microsoft Visual Studio Solution File, Format Version 12.00
# Visual Studio 15
VisualStudioVersion = 15.0.28307.136
MinimumVisualStudioVersion = 10.0.40219.1
Project("{FAE04EC0-301F-11D3-BF4B-00C04F79EFBC}") = "SPMLnet", "SPMLnet\SPMLnet.csproj", "{8C1654EF-D5F5-4B42-BF13-4271D4E3937D}"
EndProject
Global
	GlobalSection(SolutionConfigurationPlatforms) = preSolution
		Debug|Any CPU = Debug|Any CPU
		Release|Any CPU = Release|Any CPU
	EndGlobalSection
	GlobalSection(ProjectConfigurationPlatforms) = postSolution
		{8C1654EF-D5F5-4B42-BF13-4271D4E3937D}.Debug|Any CPU.ActiveCfg = Debug|Any CPU
		{8C1654EF-D5F5-4B42-BF13-4271D4E3937D}.Debug|Any CPU.Build.0 = Debug|Any CPU
		{8C1654EF-D5F5-4B42-BF13-4271D4E3937D}.Release|Any CPU.ActiveCfg = Release|Any CPU
		{8C1654EF-D5F5-4B42-BF13-4271D4E3937D}.Release|Any CPU.Build.0 = Release|Any CPU
	EndGlobalSection
	GlobalSection(SolutionProperties) = preSolution
		HideSolutionNode = FALSE
	EndGlobalSection
	GlobalSection(ExtensibilityGlobals) = postSolution
		SolutionGuid = {A5B2D086-8931-45C9-9FA9-8D02478F167B}
	EndGlobalSection
EndGlobal
